
Microsoft Visual Studio Solution File, Format Version 12.00
# Visual Studio Version 17
VisualStudioVersion = 17.10.35013.160
MinimumVisualStudioVersion = 10.0.40219.1
Project("{FAE04EC0-301F-11D3-BF4B-00C04F79EFBC}") = "BlazorPortfolio", "BlazorPortfolio.csproj", "{C3CF9AB9-D32C-4A44-B7FC-CC14D9BD7C1C}"
EndProject
Global
	GlobalSection(SolutionConfigurationPlatforms) = preSolution
		Debug|Any CPU = Debug|Any CPU
		Release|Any CPU = Release|Any CPU
	EndGlobalSection
	GlobalSection(ProjectConfigurationPlatforms) = postSolution
		{C3CF9AB9-D32C-4A44-B7FC-CC14D9BD7C1C}.Debug|Any CPU.ActiveCfg = Debug|Any CPU
		{C3CF9AB9-D32C-4A44-B7FC-CC14D9BD7C1C}.Debug|Any CPU.Build.0 = Debug|Any CPU
		{C3CF9AB9-D32C-4A44-B7FC-CC14D9BD7C1C}.Release|Any CPU.ActiveCfg = Release|Any CPU
		{C3CF9AB9-D32C-4A44-B7FC-CC14D9BD7C1C}.Release|Any CPU.Build.0 = Release|Any CPU
	EndGlobalSection
	GlobalSection(SolutionProperties) = preSolution
		HideSolutionNode = FALSE
	EndGlobalSection
	GlobalSection(ExtensibilityGlobals) = postSolution
		SolutionGuid = {BD342545-7BE4-434F-96C8-255A7CC24CE8}
	EndGlobalSection
EndGlobal
